
Microsoft Visual Studio Solution File, Format Version 12.00
# Visual Studio 15
VisualStudioVersion = 15.0.27004.2008
MinimumVisualStudioVersion = 10.0.40219.1
Project("{FAE04EC0-301F-11D3-BF4B-00C04F79EFBC}") = "CSharp Core Demo", "CSharp Core Demo\CSharp Core Demo.csproj", "{B355B30E-5EF1-4814-8D84-99431D2A16EF}"
EndProject
Project("{F184B08F-C81C-45F6-A57F-5ABD9991F28F}") = "VB.NET Core Demo", "VB.NET Core Demo\VB.NET Core Demo.vbproj", "{B344528C-0CF2-4E93-B1CD-CA71F0112E25}"
EndProject
Global
	GlobalSection(SolutionConfigurationPlatforms) = preSolution
		Debug|Any CPU = Debug|Any CPU
		Debug|x86 = Debug|x86
		Release|Any CPU = Release|Any CPU
		Release|x86 = Release|x86
	EndGlobalSection
	GlobalSection(ProjectConfigurationPlatforms) = postSolution
		{B355B30E-5EF1-4814-8D84-99431D2A16EF}.Debug|Any CPU.ActiveCfg = Debug|Any CPU
		{B355B30E-5EF1-4814-8D84-99431D2A16EF}.Debug|Any CPU.Build.0 = Debug|Any CPU
		{B355B30E-5EF1-4814-8D84-99431D2A16EF}.Debug|x86.ActiveCfg = Debug|x86
		{B355B30E-5EF1-4814-8D84-99431D2A16EF}.Debug|x86.Build.0 = Debug|x86
		{B355B30E-5EF1-4814-8D84-99431D2A16EF}.Release|Any CPU.ActiveCfg = Release|Any CPU
		{B355B30E-5EF1-4814-8D84-99431D2A16EF}.Release|Any CPU.Build.0 = Release|Any CPU
		{B355B30E-5EF1-4814-8D84-99431D2A16EF}.Release|x86.ActiveCfg = Release|x86
		{B355B30E-5EF1-4814-8D84-99431D2A16EF}.Release|x86.Build.0 = Release|x86
		{B344528C-0CF2-4E93-B1CD-CA71F0112E25}.Debug|Any CPU.ActiveCfg = Debug|Any CPU
		{B344528C-0CF2-4E93-B1CD-CA71F0112E25}.Debug|Any CPU.Build.0 = Debug|Any CPU
		{B344528C-0CF2-4E93-B1CD-CA71F0112E25}.Debug|x86.ActiveCfg = Debug|x86
		{B344528C-0CF2-4E93-B1CD-CA71F0112E25}.Debug|x86.Build.0 = Debug|x86
		{B344528C-0CF2-4E93-B1CD-CA71F0112E25}.Release|Any CPU.ActiveCfg = Release|Any CPU
		{B344528C-0CF2-4E93-B1CD-CA71F0112E25}.Release|Any CPU.Build.0 = Release|Any CPU
		{B344528C-0CF2-4E93-B1CD-CA71F0112E25}.Release|x86.ActiveCfg = Release|x86
		{B344528C-0CF2-4E93-B1CD-CA71F0112E25}.Release|x86.Build.0 = Release|x86
	EndGlobalSection
	GlobalSection(SolutionProperties) = preSolution
		HideSolutionNode = FALSE
	EndGlobalSection
	GlobalSection(ExtensibilityGlobals) = postSolution
		SolutionGuid = {7EDB972F-A709-4A70-9E01-CB52275042A3}
	EndGlobalSection
EndGlobal
